
Microsoft Visual Studio Solution File, Format Version 12.00
# Visual Studio Version 17
VisualStudioVersion = 17.5.33424.131
MinimumVisualStudioVersion = 10.0.40219.1
Project("{9A19103F-16F7-4668-BE54-9A1E7A4F7556}") = "Lesson2209", "Lesson2209\Lesson2209.csproj", "{72759924-1830-4524-8053-994DF13E786D}"
EndProject
Project("{9A19103F-16F7-4668-BE54-9A1E7A4F7556}") = "Lesson22_09", "Lesson22_09\Lesson22_09.csproj", "{F3595D15-6429-476C-9577-02563FAA8732}"
EndProject
Project("{9A19103F-16F7-4668-BE54-9A1E7A4F7556}") = "Lesson2709", "Lesson2709\Lesson2709.csproj", "{A2F986F5-52FF-45CA-BCEF-8449F20B30D0}"
EndProject
Project("{9A19103F-16F7-4668-BE54-9A1E7A4F7556}") = "DelegatesProject", "DelegatesProject\DelegatesProject.csproj", "{B309413E-BC0B-42CF-9E06-973B9126E928}"
EndProject
Project("{9A19103F-16F7-4668-BE54-9A1E7A4F7556}") = "Lesson2909", "Lesson2909\Lesson2909.csproj", "{9052CC9F-30E3-49A9-A8F0-FDA1DE4EB290}"
EndProject
Project("{9A19103F-16F7-4668-BE54-9A1E7A4F7556}") = "Collections", "Collections\Collections.csproj", "{A9BFD1E7-5707-4450-9A4E-BDB67E767D77}"
EndProject
Project("{9A19103F-16F7-4668-BE54-9A1E7A4F7556}") = "Lesson0410", "Lesson0410\Lesson0410.csproj", "{81D51591-5785-4623-95A0-B14F4DA10BC6}"
EndProject
Project("{9A19103F-16F7-4668-BE54-9A1E7A4F7556}") = "LessonRepeat", "LessonRepeat\LessonRepeat.csproj", "{AEBC7940-9BCB-43FC-BDD8-1A9DCE9E767B}"
EndProject
Project("{9A19103F-16F7-4668-BE54-9A1E7A4F7556}") = "Generics", "Generics\Generics.csproj", "{CF2DC3B8-F54C-45F2-A272-D25AB2CAA635}"
EndProject
Project("{9A19103F-16F7-4668-BE54-9A1E7A4F7556}") = "Lesson0610", "Lesson0610\Lesson0610.csproj", "{9F93A9E3-06A0-4DBE-80D0-814C57EC0943}"
EndProject
Project("{9A19103F-16F7-4668-BE54-9A1E7A4F7556}") = "Lesson0610Part2", "Lesson0610Part2\Lesson0610Part2.csproj", "{402C7771-3DDE-4ACE-84D6-3446DA72D754}"
EndProject
Project("{9A19103F-16F7-4668-BE54-9A1E7A4F7556}") = "Lesson1110", "Lesson1110\Lesson1110.csproj", "{13888E0B-E008-4C58-94EC-E583DFEF6063}"
EndProject
Project("{9A19103F-16F7-4668-BE54-9A1E7A4F7556}") = "Lesson1110Part2", "Lesson1110Part2\Lesson1110Part2.csproj", "{8D1E027E-8E59-4201-83B1-9B9892E1096C}"
EndProject
Project("{9A19103F-16F7-4668-BE54-9A1E7A4F7556}") = "Lesson1110Part3", "Lesson1110Part3\Lesson1110Part3.csproj", "{982EDC16-B0BE-4842-A44A-FD7510D648E3}"
EndProject
Project("{9A19103F-16F7-4668-BE54-9A1E7A4F7556}") = "Lesson1310", "Lesson1310\Lesson1310.csproj", "{ED80D4B3-C215-4D2F-A3C4-B8590B172662}"
EndProject
Project("{9A19103F-16F7-4668-BE54-9A1E7A4F7556}") = "MaterialFixation", "MaterialFixation\MaterialFixation.csproj", "{01300177-07EA-42F1-AD38-4C9D2521BDC1}"
EndProject
Project("{9A19103F-16F7-4668-BE54-9A1E7A4F7556}") = "Lesson1810", "Lesson1810\Lesson1810.csproj", "{4C7CE051-2C54-44FD-BF75-5A1007D4CEDB}"
EndProject
Project("{9A19103F-16F7-4668-BE54-9A1E7A4F7556}") = "JSONproject", "JSONproject\JSONproject.csproj", "{DFCED463-1E08-4186-92C5-D1416D8846B0}"
EndProject
Project("{9A19103F-16F7-4668-BE54-9A1E7A4F7556}") = "Encryption", "Encryption\Encryption.csproj", "{1A74407A-FC6F-44FF-BD34-7E7496FB9296}"
EndProject
Project("{9A19103F-16F7-4668-BE54-9A1E7A4F7556}") = "Lesson2710", "Lesson2710\Lesson2710.csproj", "{6D775A02-0D40-43E8-A212-32D8D0A804CA}"
EndProject
Project("{9A19103F-16F7-4668-BE54-9A1E7A4F7556}") = "ThreadOperations", "ThreadOperations\ThreadOperations.csproj", "{1236419A-C17C-477A-8B3E-B6A4490228CF}"
EndProject
Project("{9A19103F-16F7-4668-BE54-9A1E7A4F7556}") = "ThreadingDemonstration", "ThreadingDemonstration\ThreadingDemonstration.csproj", "{60EF65CD-9D00-4537-A289-6B87B9809168}"
EndProject
Project("{9A19103F-16F7-4668-BE54-9A1E7A4F7556}") = "RacingGame", "RacingGame\RacingGame.csproj", "{BD7FF471-037E-41CA-A4CB-B9949B8544F8}"
EndProject
Project("{9A19103F-16F7-4668-BE54-9A1E7A4F7556}") = "Lesson0111", "Lesson0111\Lesson0111.csproj", "{51267B58-9A18-499C-A6BF-3BBF9F2DB587}"
EndProject
Project("{9A19103F-16F7-4668-BE54-9A1E7A4F7556}") = "Lesson0111ThreadingContinue", "Lesson0111ThreadingContinue\Lesson0111ThreadingContinue.csproj", "{018BE57E-1BDE-4F5C-9ECC-2F449D70933C}"
EndProject
Project("{FAE04EC0-301F-11D3-BF4B-00C04F79EFBC}") = "Lesson0311", "Lesson0311\Lesson0311.csproj", "{415CA3F4-C6F1-4A17-98FB-D6FF4EC82674}"
EndProject
Project("{FAE04EC0-301F-11D3-BF4B-00C04F79EFBC}") = "TasksFurtherWork", "TasksFurtherWork\TasksFurtherWork.csproj", "{09DCEB4C-90B5-4BE7-BA1D-CF97909C38E4}"
EndProject
Global
	GlobalSection(SolutionConfigurationPlatforms) = preSolution
		Debug|Any CPU = Debug|Any CPU
		Release|Any CPU = Release|Any CPU
	EndGlobalSection
	GlobalSection(ProjectConfigurationPlatforms) = postSolution
		{72759924-1830-4524-8053-994DF13E786D}.Debug|Any CPU.ActiveCfg = Debug|Any CPU
		{72759924-1830-4524-8053-994DF13E786D}.Debug|Any CPU.Build.0 = Debug|Any CPU
		{72759924-1830-4524-8053-994DF13E786D}.Release|Any CPU.ActiveCfg = Release|Any CPU
		{72759924-1830-4524-8053-994DF13E786D}.Release|Any CPU.Build.0 = Release|Any CPU
		{F3595D15-6429-476C-9577-02563FAA8732}.Debug|Any CPU.ActiveCfg = Debug|Any CPU
		{F3595D15-6429-476C-9577-02563FAA8732}.Debug|Any CPU.Build.0 = Debug|Any CPU
		{F3595D15-6429-476C-9577-02563FAA8732}.Release|Any CPU.ActiveCfg = Release|Any CPU
		{F3595D15-6429-476C-9577-02563FAA8732}.Release|Any CPU.Build.0 = Release|Any CPU
		{A2F986F5-52FF-45CA-BCEF-8449F20B30D0}.Debug|Any CPU.ActiveCfg = Debug|Any CPU
		{A2F986F5-52FF-45CA-BCEF-8449F20B30D0}.Debug|Any CPU.Build.0 = Debug|Any CPU
		{A2F986F5-52FF-45CA-BCEF-8449F20B30D0}.Release|Any CPU.ActiveCfg = Release|Any CPU
		{A2F986F5-52FF-45CA-BCEF-8449F20B30D0}.Release|Any CPU.Build.0 = Release|Any CPU
		{B309413E-BC0B-42CF-9E06-973B9126E928}.Debug|Any CPU.ActiveCfg = Debug|Any CPU
		{B309413E-BC0B-42CF-9E06-973B9126E928}.Debug|Any CPU.Build.0 = Debug|Any CPU
		{B309413E-BC0B-42CF-9E06-973B9126E928}.Release|Any CPU.ActiveCfg = Release|Any CPU
		{B309413E-BC0B-42CF-9E06-973B9126E928}.Release|Any CPU.Build.0 = Release|Any CPU
		{9052CC9F-30E3-49A9-A8F0-FDA1DE4EB290}.Debug|Any CPU.ActiveCfg = Debug|Any CPU
		{9052CC9F-30E3-49A9-A8F0-FDA1DE4EB290}.Debug|Any CPU.Build.0 = Debug|Any CPU
		{9052CC9F-30E3-49A9-A8F0-FDA1DE4EB290}.Release|Any CPU.ActiveCfg = Release|Any CPU
		{9052CC9F-30E3-49A9-A8F0-FDA1DE4EB290}.Release|Any CPU.Build.0 = Release|Any CPU
		{A9BFD1E7-5707-4450-9A4E-BDB67E767D77}.Debug|Any CPU.ActiveCfg = Debug|Any CPU
		{A9BFD1E7-5707-4450-9A4E-BDB67E767D77}.Debug|Any CPU.Build.0 = Debug|Any CPU
		{A9BFD1E7-5707-4450-9A4E-BDB67E767D77}.Release|Any CPU.ActiveCfg = Release|Any CPU
		{A9BFD1E7-5707-4450-9A4E-BDB67E767D77}.Release|Any CPU.Build.0 = Release|Any CPU
		{81D51591-5785-4623-95A0-B14F4DA10BC6}.Debug|Any CPU.ActiveCfg = Debug|Any CPU
		{81D51591-5785-4623-95A0-B14F4DA10BC6}.Debug|Any CPU.Build.0 = Debug|Any CPU
		{81D51591-5785-4623-95A0-B14F4DA10BC6}.Release|Any CPU.ActiveCfg = Release|Any CPU
		{81D51591-5785-4623-95A0-B14F4DA10BC6}.Release|Any CPU.Build.0 = Release|Any CPU
		{AEBC7940-9BCB-43FC-BDD8-1A9DCE9E767B}.Debug|Any CPU.ActiveCfg = Debug|Any CPU
		{AEBC7940-9BCB-43FC-BDD8-1A9DCE9E767B}.Debug|Any CPU.Build.0 = Debug|Any CPU
		{AEBC7940-9BCB-43FC-BDD8-1A9DCE9E767B}.Release|Any CPU.ActiveCfg = Release|Any CPU
		{AEBC7940-9BCB-43FC-BDD8-1A9DCE9E767B}.Release|Any CPU.Build.0 = Release|Any CPU
		{CF2DC3B8-F54C-45F2-A272-D25AB2CAA635}.Debug|Any CPU.ActiveCfg = Debug|Any CPU
		{CF2DC3B8-F54C-45F2-A272-D25AB2CAA635}.Debug|Any CPU.Build.0 = Debug|Any CPU
		{CF2DC3B8-F54C-45F2-A272-D25AB2CAA635}.Release|Any CPU.ActiveCfg = Release|Any CPU
		{CF2DC3B8-F54C-45F2-A272-D25AB2CAA635}.Release|Any CPU.Build.0 = Release|Any CPU
		{9F93A9E3-06A0-4DBE-80D0-814C57EC0943}.Debug|Any CPU.ActiveCfg = Debug|Any CPU
		{9F93A9E3-06A0-4DBE-80D0-814C57EC0943}.Debug|Any CPU.Build.0 = Debug|Any CPU
		{9F93A9E3-06A0-4DBE-80D0-814C57EC0943}.Release|Any CPU.ActiveCfg = Release|Any CPU
		{9F93A9E3-06A0-4DBE-80D0-814C57EC0943}.Release|Any CPU.Build.0 = Release|Any CPU
		{402C7771-3DDE-4ACE-84D6-3446DA72D754}.Debug|Any CPU.ActiveCfg = Debug|Any CPU
		{402C7771-3DDE-4ACE-84D6-3446DA72D754}.Debug|Any CPU.Build.0 = Debug|Any CPU
		{402C7771-3DDE-4ACE-84D6-3446DA72D754}.Release|Any CPU.ActiveCfg = Release|Any CPU
		{402C7771-3DDE-4ACE-84D6-3446DA72D754}.Release|Any CPU.Build.0 = Release|Any CPU
		{13888E0B-E008-4C58-94EC-E583DFEF6063}.Debug|Any CPU.ActiveCfg = Debug|Any CPU
		{13888E0B-E008-4C58-94EC-E583DFEF6063}.Debug|Any CPU.Build.0 = Debug|Any CPU
		{13888E0B-E008-4C58-94EC-E583DFEF6063}.Release|Any CPU.ActiveCfg = Release|Any CPU
		{13888E0B-E008-4C58-94EC-E583DFEF6063}.Release|Any CPU.Build.0 = Release|Any CPU
		{8D1E027E-8E59-4201-83B1-9B9892E1096C}.Debug|Any CPU.ActiveCfg = Debug|Any CPU
		{8D1E027E-8E59-4201-83B1-9B9892E1096C}.Debug|Any CPU.Build.0 = Debug|Any CPU
		{8D1E027E-8E59-4201-83B1-9B9892E1096C}.Release|Any CPU.ActiveCfg = Release|Any CPU
		{8D1E027E-8E59-4201-83B1-9B9892E1096C}.Release|Any CPU.Build.0 = Release|Any CPU
		{982EDC16-B0BE-4842-A44A-FD7510D648E3}.Debug|Any CPU.ActiveCfg = Debug|Any CPU
		{982EDC16-B0BE-4842-A44A-FD7510D648E3}.Debug|Any CPU.Build.0 = Debug|Any CPU
		{982EDC16-B0BE-4842-A44A-FD7510D648E3}.Release|Any CPU.ActiveCfg = Release|Any CPU
		{982EDC16-B0BE-4842-A44A-FD7510D648E3}.Release|Any CPU.Build.0 = Release|Any CPU
		{ED80D4B3-C215-4D2F-A3C4-B8590B172662}.Debug|Any CPU.ActiveCfg = Debug|Any CPU
		{ED80D4B3-C215-4D2F-A3C4-B8590B172662}.Debug|Any CPU.Build.0 = Debug|Any CPU
		{ED80D4B3-C215-4D2F-A3C4-B8590B172662}.Release|Any CPU.ActiveCfg = Release|Any CPU
		{ED80D4B3-C215-4D2F-A3C4-B8590B172662}.Release|Any CPU.Build.0 = Release|Any CPU
		{01300177-07EA-42F1-AD38-4C9D2521BDC1}.Debug|Any CPU.ActiveCfg = Debug|Any CPU
		{01300177-07EA-42F1-AD38-4C9D2521BDC1}.Debug|Any CPU.Build.0 = Debug|Any CPU
		{01300177-07EA-42F1-AD38-4C9D2521BDC1}.Release|Any CPU.ActiveCfg = Release|Any CPU
		{01300177-07EA-42F1-AD38-4C9D2521BDC1}.Release|Any CPU.Build.0 = Release|Any CPU
		{4C7CE051-2C54-44FD-BF75-5A1007D4CEDB}.Debug|Any CPU.ActiveCfg = Debug|Any CPU
		{4C7CE051-2C54-44FD-BF75-5A1007D4CEDB}.Debug|Any CPU.Build.0 = Debug|Any CPU
		{4C7CE051-2C54-44FD-BF75-5A1007D4CEDB}.Release|Any CPU.ActiveCfg = Release|Any CPU
		{4C7CE051-2C54-44FD-BF75-5A1007D4CEDB}.Release|Any CPU.Build.0 = Release|Any CPU
		{DFCED463-1E08-4186-92C5-D1416D8846B0}.Debug|Any CPU.ActiveCfg = Debug|Any CPU
		{DFCED463-1E08-4186-92C5-D1416D8846B0}.Debug|Any CPU.Build.0 = Debug|Any CPU
		{DFCED463-1E08-4186-92C5-D1416D8846B0}.Release|Any CPU.ActiveCfg = Release|Any CPU
		{DFCED463-1E08-4186-92C5-D1416D8846B0}.Release|Any CPU.Build.0 = Release|Any CPU
		{1A74407A-FC6F-44FF-BD34-7E7496FB9296}.Debug|Any CPU.ActiveCfg = Debug|Any CPU
		{1A74407A-FC6F-44FF-BD34-7E7496FB9296}.Debug|Any CPU.Build.0 = Debug|Any CPU
		{1A74407A-FC6F-44FF-BD34-7E7496FB9296}.Release|Any CPU.ActiveCfg = Release|Any CPU
		{1A74407A-FC6F-44FF-BD34-7E7496FB9296}.Release|Any CPU.Build.0 = Release|Any CPU
		{6D775A02-0D40-43E8-A212-32D8D0A804CA}.Debug|Any CPU.ActiveCfg = Debug|Any CPU
		{6D775A02-0D40-43E8-A212-32D8D0A804CA}.Debug|Any CPU.Build.0 = Debug|Any CPU
		{6D775A02-0D40-43E8-A212-32D8D0A804CA}.Release|Any CPU.ActiveCfg = Release|Any CPU
		{6D775A02-0D40-43E8-A212-32D8D0A804CA}.Release|Any CPU.Build.0 = Release|Any CPU
		{1236419A-C17C-477A-8B3E-B6A4490228CF}.Debug|Any CPU.ActiveCfg = Debug|Any CPU
		{1236419A-C17C-477A-8B3E-B6A4490228CF}.Debug|Any CPU.Build.0 = Debug|Any CPU
		{1236419A-C17C-477A-8B3E-B6A4490228CF}.Release|Any CPU.ActiveCfg = Release|Any CPU
		{1236419A-C17C-477A-8B3E-B6A4490228CF}.Release|Any CPU.Build.0 = Release|Any CPU
		{60EF65CD-9D00-4537-A289-6B87B9809168}.Debug|Any CPU.ActiveCfg = Debug|Any CPU
		{60EF65CD-9D00-4537-A289-6B87B9809168}.Debug|Any CPU.Build.0 = Debug|Any CPU
		{60EF65CD-9D00-4537-A289-6B87B9809168}.Release|Any CPU.ActiveCfg = Release|Any CPU
		{60EF65CD-9D00-4537-A289-6B87B9809168}.Release|Any CPU.Build.0 = Release|Any CPU
		{BD7FF471-037E-41CA-A4CB-B9949B8544F8}.Debug|Any CPU.ActiveCfg = Debug|Any CPU
		{BD7FF471-037E-41CA-A4CB-B9949B8544F8}.Debug|Any CPU.Build.0 = Debug|Any CPU
		{BD7FF471-037E-41CA-A4CB-B9949B8544F8}.Release|Any CPU.ActiveCfg = Release|Any CPU
		{BD7FF471-037E-41CA-A4CB-B9949B8544F8}.Release|Any CPU.Build.0 = Release|Any CPU
		{51267B58-9A18-499C-A6BF-3BBF9F2DB587}.Debug|Any CPU.ActiveCfg = Debug|Any CPU
		{51267B58-9A18-499C-A6BF-3BBF9F2DB587}.Debug|Any CPU.Build.0 = Debug|Any CPU
		{51267B58-9A18-499C-A6BF-3BBF9F2DB587}.Release|Any CPU.ActiveCfg = Release|Any CPU
		{51267B58-9A18-499C-A6BF-3BBF9F2DB587}.Release|Any CPU.Build.0 = Release|Any CPU
		{018BE57E-1BDE-4F5C-9ECC-2F449D70933C}.Debug|Any CPU.ActiveCfg = Debug|Any CPU
		{018BE57E-1BDE-4F5C-9ECC-2F449D70933C}.Debug|Any CPU.Build.0 = Debug|Any CPU
		{018BE57E-1BDE-4F5C-9ECC-2F449D70933C}.Release|Any CPU.ActiveCfg = Release|Any CPU
		{018BE57E-1BDE-4F5C-9ECC-2F449D70933C}.Release|Any CPU.Build.0 = Release|Any CPU
		{415CA3F4-C6F1-4A17-98FB-D6FF4EC82674}.Debug|Any CPU.ActiveCfg = Debug|Any CPU
		{415CA3F4-C6F1-4A17-98FB-D6FF4EC82674}.Debug|Any CPU.Build.0 = Debug|Any CPU
		{415CA3F4-C6F1-4A17-98FB-D6FF4EC82674}.Release|Any CPU.ActiveCfg = Release|Any CPU
		{415CA3F4-C6F1-4A17-98FB-D6FF4EC82674}.Release|Any CPU.Build.0 = Release|Any CPU
		{09DCEB4C-90B5-4BE7-BA1D-CF97909C38E4}.Debug|Any CPU.ActiveCfg = Debug|Any CPU
		{09DCEB4C-90B5-4BE7-BA1D-CF97909C38E4}.Debug|Any CPU.Build.0 = Debug|Any CPU
		{09DCEB4C-90B5-4BE7-BA1D-CF97909C38E4}.Release|Any CPU.ActiveCfg = Release|Any CPU
		{09DCEB4C-90B5-4BE7-BA1D-CF97909C38E4}.Release|Any CPU.Build.0 = Release|Any CPU
	EndGlobalSection
	GlobalSection(SolutionProperties) = preSolution
		HideSolutionNode = FALSE
	EndGlobalSection
	GlobalSection(ExtensibilityGlobals) = postSolution
		SolutionGuid = {34CE0708-515D-4F2E-AA20-0EB1D3B73F36}
	EndGlobalSection
EndGlobal
